filippo.io/edwards25519 v1.1.0 h1:FNf4tywRC1HmFuKW5xopWpigGjJKiJSV0Cqo0cJWDaA=
filippo.io/edwards25519 v1.1.0/go.mod h1:BxyFTGdWcka3PhytdK4V28tE5sGfRvvvRV7EaN4VDT4=
github.com/dxasu/pure v1.2.0 h1:Q/A7tknmKamuwdXYZiEQiP4YnEZe2Zd40ysfDV6P+w4=
github.com/dxasu/pure v1.2.0/go.mod h1:udoa7ofmbf54NuvdlbSm3anyuHfvXR7q5N15fqpCbRY=
github.com/go-sql-driver/mysql v1.9.3 h1:U/N249h2WzJ3Ukj8SowVFjdtZKfu9vlLZxjPXV1aweo=
github.com/go-sql-driver/mysql v1.9.3/go.mod h1:qn46aNg1333BRMNU69Lq93t8du/dwxI64Gl8i5p1WMU=
