github.com/TheTitanrain/w32 v0.0.0-20200114052255-2654d97dbd3d h1:2xp1BQbqcDDaikHnASWpVZRjibOxu7y9LhAv04whugI=
github.com/TheTitanrain/w32 v0.0.0-20200114052255-2654d97dbd3d/go.mod h1:peYoMncQljjNS6tZwI9WVyQB3qZS6u79/N3mBOcnd3I=
github.com/atotto/clipboard v0.1.4 h1:EH0zSVneZPSuFR11BlR9YppQTVDbh5+16AmcJi4g1z4=
github.com/atotto/clipboard v0.1.4/go.mod h1:ZY9tmq7sm5xIbd9bOK4onWV4S6X0u6GY7Vn0Yu86PYI=
github.com/dxasu/corekey v1.3.3 h1:fp7I49l3O0TnZrfo9EoL/wTlKjIQzLO5Qm0cNOcVWAY=
github.com/dxasu/corekey v1.3.3/go.mod h1:be2GxeLPwhrn3KngrSagwwNqU1xYU9OGNrI42Ne29ng=
github.com/dxasu/tools/lancet/version v0.0.0-20230817085701-358c17504e09 h1:WhLV3THXKfRBWI7HHQcLo7wZ1DkuWvJjPNtxbc5BBDA=
github.com/dxasu/tools/lancet/version v0.0.0-20230817085701-358c17504e09/go.mod h1:lttLrOYSMyCee+k4q2xjjrhwyK3J/62snSMsn18o+zw=
github.com/frankban/quicktest v1.14.4 h1:g2rn0vABPOOXmZUj+vbmUp0lPoXEMuhTpIluN0XL9UY=
github.com/google/go-cmp v0.5.9 h1:O2Tfq5qg4qc4AmwVlvv0oLiVAGB7enBSJ2x2DqQFi38=
github.com/kr/pretty v0.3.1 h1:flRD4NNwYAUpkphVc1HcthR4KEIFJ65n8Mw5qdRn3LE=
github.com/kr/text v0.2.0 h1:5Nx0Ya0ZqY2ygV366QzturHI13Jq95ApcVaJBhpS+AY=
github.com/rogpeppe/go-internal v1.9.0 h1:73kH8U+JUqXU8lRuOHeVHaa/SZPifC7BkcraZVejAe8=
github.com/spf13/cast v1.5.1 h1:R+kOtfhWQE6TVQzY+4D7wJLBgkdVasCEFxSUBYBYIlA=
github.com/spf13/cast v1.5.1/go.mod h1:b9PdjNptOpzXr7Rq1q9gJML/2cdGQAo69NKzQ10KN48=
golang.org/x/sys v0.0.0-20201202213521-69691e467435 h1:25AvDqqB9PrNqj1FLf2/70I4W0L19qqoaFq3gjNwbKk=
golang.org/x/sys v0.0.0-20201202213521-69691e467435/go.mod h1:h1NjWce9XRLGQEsW7wpKNCjG9DtNlClVuFLEZdDNbEs=
