github.com/dxasu/tools/lancet/errors v0.0.0-20230817122603-02c94914f3b1 h1:bVlQd/Pv+6HP6l+cXwzRiEStB/ibugNRu4jrO6576K4=
github.com/dxasu/tools/lancet/errors v0.0.0-20230817122603-02c94914f3b1/go.mod h1:gyInINvAQiO8IIGNgq1RXFdJGeztCgCv2hhl2FxPQfM=
github.com/dxasu/tools/lancet/version v0.0.0-20230817102921-3ddac65cae69 h1:q/NXZrm8zLpbNEBD0ZYwtee8giH9Xs9fQwoFG06+i/c=
github.com/dxasu/tools/lancet/version v0.0.0-20230817102921-3ddac65cae69/go.mod h1:lttLrOYSMyCee+k4q2xjjrhwyK3J/62snSMsn18o+zw=
